version = 1
requires-python = ">=3.11"

[[package]]
name = "annotated-types"
version = "0.7.0"
source = { registry = "https://pypi.org/simple" }
sdist = { url = "https://files.pythonhosted.org/packages/ee/67/531ea369ba64dcff5ec9c3402f9f51bf748cec26dde048a2f973a4eea7f5/annotated_types-0.7.0.tar.gz", hash = "sha256:aff07c09a53a08bc8cfccb9c85b05f1aa9a2a6f23728d790723543408344ce89", size = 16081 }
wheels = [
    { url = "https://files.pythonhosted.org/packages/78/b6/6307fbef88d9b5ee7421e68d78a9f162e0da4900bc5f5793f6d3d0e34fb8/annotated_types-0.7.0-py3-none-any.whl", hash = "sha256:1f02e8b43a8fbbc3f3e0d4f0f4bfc8131bcb4eebe8849b8e5c773f3a1c582a53", size = 13643 },
]

[[package]]
name = "colorama"
version = "0.4.6"
source = { registry = "https://pypi.org/simple" }
sdist = { url = "https://files.pythonhosted.org/packages/d8/53/6f443c9a4a8358a93a6792e2acffb9d9d5cb0a5cfd8802644b7b1c9a02e4/colorama-0.4.6.tar.gz", hash = "sha256:08695f5cb7ed6e0531a20572697297273c47b8cae5a63ffc6d6ed5c201be6e44", size = 27697 }
wheels = [
    { url = "https://files.pythonhosted.org/packages/d1/d6/3965ed04c63042e047cb6a3e6ed1a63a35087b6a609aa3a15ed8ac56c221/colorama-0.4.6-py2.py3-none-any.whl", hash = "sha256:4f1d9991f5acc0ca119f9d443620b77f9d6b33703e51011c16baf57afb285fc6", size = 25335 },
]

[[package]]
name = "markdown-it-py"
version = "3.0.0"
source = { registry = "https://pypi.org/simple" }
dependencies = [
    { name = "mdurl" },
]
sdist = { url = "https://files.pythonhosted.org/packages/38/71/3b932df36c1a044d397a1f92d1cf91ee0a503d91e470cbd670aa66b07ed0/markdown-it-py-3.0.0.tar.gz", hash = "sha256:e3f60a94fa066dc52ec76661e37c851cb232d92f9886b15cb560aaada2df8feb", size = 74596 }
wheels = [
    { url = "https://files.pythonhosted.org/packages/42/d7/1ec15b46af6af88f19b8e5ffea08fa375d433c998b8a7639e76935c14f1f/markdown_it_py-3.0.0-py3-none-any.whl", hash = "sha256:355216845c60bd96232cd8d8c40e8f9765cc86f46880e43a8fd22dc1a1a8cab1", size = 87528 },
]

[[package]]
name = "mdurl"
version = "0.1.2"
source = { registry = "https://pypi.org/simple" }
sdist = { url = "https://files.pythonhosted.org/packages/d6/54/cfe61301667036ec958cb99bd3efefba235e65cdeb9c84d24a8293ba1d90/mdurl-0.1.2.tar.gz", hash = "sha256:bb413d29f5eea38f31dd4754dd7377d4465116fb207585f97bf925588687c1ba", size = 8729 }
wheels = [
    { url = "https://files.pythonhosted.org/packages/b3/38/89ba8ad64ae25be8de66a6d463314cf1eb366222074cfda9ee839c56a4b4/mdurl-0.1.2-py3-none-any.whl", hash = "sha256:84008a41e51615a49fc9966191ff91509e3c40b939176e643fd50a5c2196b8f8", size = 9979 },
]

[[package]]
name = "numpy"
version = "2.2.5"
source = { registry = "https://pypi.org/simple" }
sdist = { url = "https://files.pythonhosted.org/packages/dc/b2/ce4b867d8cd9c0ee84938ae1e6a6f7926ebf928c9090d036fc3c6a04f946/numpy-2.2.5.tar.gz", hash = "sha256:a9c0d994680cd991b1cb772e8b297340085466a6fe964bc9d4e80f5e2f43c291", size = 20273920 }
wheels = [
    { url = "https://files.pythonhosted.org/packages/f5/fb/e4e4c254ba40e8f0c78218f9e86304628c75b6900509b601c8433bdb5da7/numpy-2.2.5-cp311-cp311-macosx_10_9_x86_64.whl", hash = "sha256:c42365005c7a6c42436a54d28c43fe0e01ca11eb2ac3cefe796c25a5f98e5e9b", size = 21256475 },
    { url = "https://files.pythonhosted.org/packages/81/32/dd1f7084f5c10b2caad778258fdaeedd7fbd8afcd2510672811e6138dfac/numpy-2.2.5-cp311-cp311-macosx_11_0_arm64.whl", hash = "sha256:498815b96f67dc347e03b719ef49c772589fb74b8ee9ea2c37feae915ad6ebda", size = 14461474 },
    { url = "https://files.pythonhosted.org/packages/0e/65/937cdf238ef6ac54ff749c0f66d9ee2b03646034c205cea9b6c51f2f3ad1/numpy-2.2.5-cp311-cp311-macosx_14_0_arm64.whl", hash = "sha256:6411f744f7f20081b1b4e7112e0f4c9c5b08f94b9f086e6f0adf3645f85d3a4d", size = 5426875 },
    { url = "https://files.pythonhosted.org/packages/25/17/814515fdd545b07306eaee552b65c765035ea302d17de1b9cb50852d2452/numpy-2.2.5-cp311-cp311-macosx_14_0_x86_64.whl", hash = "sha256:9de6832228f617c9ef45d948ec1cd8949c482238d68b2477e6f642c33a7b0a54", size = 6969176 },
    { url = "https://files.pythonhosted.org/packages/e5/32/a66db7a5c8b5301ec329ab36d0ecca23f5e18907f43dbd593c8ec326d57c/numpy-2.2.5-cp311-cp311-manylinux_2_17_aarch64.manylinux2014_aarch64.whl", hash = "sha256:369e0d4647c17c9363244f3468f2227d557a74b6781cb62ce57cf3ef5cc7c610", size = 14374850 },
    { url = "https://files.pythonhosted.org/packages/ad/c9/1bf6ada582eebcbe8978f5feb26584cd2b39f94ededeea034ca8f84af8c8/numpy-2.2.5-cp311-cp311-manylinux_2_17_x86_64.manylinux2014_x86_64.whl", hash = "sha256:262d23f383170f99cd9191a7c85b9a50970fe9069b2f8ab5d786eca8a675d60b", size = 16430306 },
    { url = "https://files.pythonhosted.org/packages/6a/f0/3f741863f29e128f4fcfdb99253cc971406b402b4584663710ee07f5f7eb/numpy-2.2.5-cp311-cp311-musllinux_1_2_aarch64.whl", hash = "sha256:aa70fdbdc3b169d69e8c59e65c07a1c9351ceb438e627f0fdcd471015cd956be", size = 15884767 },
    { url = "https://files.pythonhosted.org/packages/98/d9/4ccd8fd6410f7bf2d312cbc98892e0e43c2fcdd1deae293aeb0a93b18071/numpy-2.2.5-cp311-cp311-musllinux_1_2_x86_64.whl", hash = "sha256:37e32e985f03c06206582a7323ef926b4e78bdaa6915095ef08070471865b906", size = 18219515 },
    { url = "https://files.pythonhosted.org/packages/b1/56/783237243d4395c6dd741cf16eeb1a9035ee3d4310900e6b17e875d1b201/numpy-2.2.5-cp311-cp311-win32.whl", hash = "sha256:f5045039100ed58fa817a6227a356240ea1b9a1bc141018864c306c1a16d4175", size = 6607842 },
    { url = "https://files.pythonhosted.org/packages/98/89/0c93baaf0094bdaaaa0536fe61a27b1dce8a505fa262a865ec142208cfe9/numpy-2.2.5-cp311-cp311-win_amd64.whl", hash = "sha256:b13f04968b46ad705f7c8a80122a42ae8f620536ea38cf4bdd374302926424dd", size = 12949071 },
    { url = "https://files.pythonhosted.org/packages/e2/f7/1fd4ff108cd9d7ef929b8882692e23665dc9c23feecafbb9c6b80f4ec583/numpy-2.2.5-cp312-cp312-macosx_10_13_x86_64.whl", hash = "sha256:ee461a4eaab4f165b68780a6a1af95fb23a29932be7569b9fab666c407969051", size = 20948633 },
    { url = "https://files.pythonhosted.org/packages/12/03/d443c278348371b20d830af155ff2079acad6a9e60279fac2b41dbbb73d8/numpy-2.2.5-cp312-cp312-macosx_11_0_arm64.whl", hash = "sha256:ec31367fd6a255dc8de4772bd1658c3e926d8e860a0b6e922b615e532d320ddc", size = 14176123 },
    { url = "https://files.pythonhosted.org/packages/2b/0b/5ca264641d0e7b14393313304da48b225d15d471250376f3fbdb1a2be603/numpy-2.2.5-cp312-cp312-macosx_14_0_arm64.whl", hash = "sha256:47834cde750d3c9f4e52c6ca28a7361859fcaf52695c7dc3cc1a720b8922683e", size = 5163817 },
    { url = "https://files.pythonhosted.org/packages/04/b3/d522672b9e3d28e26e1613de7675b441bbd1eaca75db95680635dd158c67/numpy-2.2.5-cp312-cp312-macosx_14_0_x86_64.whl", hash = "sha256:2c1a1c6ccce4022383583a6ded7bbcda22fc635eb4eb1e0a053336425ed36dfa", size = 6698066 },
    { url = "https://files.pythonhosted.org/packages/a0/93/0f7a75c1ff02d4b76df35079676b3b2719fcdfb39abdf44c8b33f43ef37d/numpy-2.2.5-cp312-cp312-manylinux_2_17_aarch64.manylinux2014_aarch64.whl", hash = "sha256:9d75f338f5f79ee23548b03d801d28a505198297534f62416391857ea0479571", size = 14087277 },
    { url = "https://files.pythonhosted.org/packages/b0/d9/7c338b923c53d431bc837b5b787052fef9ae68a56fe91e325aac0d48226e/numpy-2.2.5-cp312-cp312-manylinux_2_17_x86_64.manylinux2014_x86_64.whl", hash = "sha256:3a801fef99668f309b88640e28d261991bfad9617c27beda4a3aec4f217ea073", size = 16135742 },
    { url = "https://files.pythonhosted.org/packages/2d/10/4dec9184a5d74ba9867c6f7d1e9f2e0fb5fe96ff2bf50bb6f342d64f2003/numpy-2.2.5-cp312-cp312-musllinux_1_2_aarch64.whl", hash = "sha256:abe38cd8381245a7f49967a6010e77dbf3680bd3627c0fe4362dd693b404c7f8", size = 15581825 },
    { url = "https://files.pythonhosted.org/packages/80/1f/2b6fcd636e848053f5b57712a7d1880b1565eec35a637fdfd0a30d5e738d/numpy-2.2.5-cp312-cp312-musllinux_1_2_x86_64.whl", hash = "sha256:5a0ac90e46fdb5649ab6369d1ab6104bfe5854ab19b645bf5cda0127a13034ae", size = 17899600 },
    { url = "https://files.pythonhosted.org/packages/ec/87/36801f4dc2623d76a0a3835975524a84bd2b18fe0f8835d45c8eae2f9ff2/numpy-2.2.5-cp312-cp312-win32.whl", hash = "sha256:0cd48122a6b7eab8f06404805b1bd5856200e3ed6f8a1b9a194f9d9054631beb", size = 6312626 },
    { url = "https://files.pythonhosted.org/packages/8b/09/4ffb4d6cfe7ca6707336187951992bd8a8b9142cf345d87ab858d2d7636a/numpy-2.2.5-cp312-cp312-win_amd64.whl", hash = "sha256:ced69262a8278547e63409b2653b372bf4baff0870c57efa76c5703fd6543282", size = 12645715 },
    { url = "https://files.pythonhosted.org/packages/e2/a0/0aa7f0f4509a2e07bd7a509042967c2fab635690d4f48c6c7b3afd4f448c/numpy-2.2.5-cp313-cp313-macosx_10_13_x86_64.whl", hash = "sha256:059b51b658f4414fff78c6d7b1b4e18283ab5fa56d270ff212d5ba0c561846f4", size = 20935102 },
    { url = "https://files.pythonhosted.org/packages/7e/e4/a6a9f4537542912ec513185396fce52cdd45bdcf3e9d921ab02a93ca5aa9/numpy-2.2.5-cp313-cp313-macosx_11_0_arm64.whl", hash = "sha256:47f9ed103af0bc63182609044b0490747e03bd20a67e391192dde119bf43d52f", size = 14191709 },
    { url = "https://files.pythonhosted.org/packages/be/65/72f3186b6050bbfe9c43cb81f9df59ae63603491d36179cf7a7c8d216758/numpy-2.2.5-cp313-cp313-macosx_14_0_arm64.whl", hash = "sha256:261a1ef047751bb02f29dfe337230b5882b54521ca121fc7f62668133cb119c9", size = 5149173 },
    { url = "https://files.pythonhosted.org/packages/e5/e9/83e7a9432378dde5802651307ae5e9ea07bb72b416728202218cd4da2801/numpy-2.2.5-cp313-cp313-macosx_14_0_x86_64.whl", hash = "sha256:4520caa3807c1ceb005d125a75e715567806fed67e315cea619d5ec6e75a4191", size = 6684502 },
    { url = "https://files.pythonhosted.org/packages/ea/27/b80da6c762394c8ee516b74c1f686fcd16c8f23b14de57ba0cad7349d1d2/numpy-2.2.5-cp313-cp313-manylinux_2_17_aarch64.manylinux2014_aarch64.whl", hash = "sha256:3d14b17b9be5f9c9301f43d2e2a4886a33b53f4e6fdf9ca2f4cc60aeeee76372", size = 14084417 },
    { url = "https://files.pythonhosted.org/packages/aa/fc/ebfd32c3e124e6a1043e19c0ab0769818aa69050ce5589b63d05ff185526/numpy-2.2.5-cp313-cp313-manylinux_2_17_x86_64.manylinux2014_x86_64.whl", hash = "sha256:2ba321813a00e508d5421104464510cc962a6f791aa2fca1c97b1e65027da80d", size = 16133807 },
    { url = "https://files.pythonhosted.org/packages/bf/9b/4cc171a0acbe4666f7775cfd21d4eb6bb1d36d3a0431f48a73e9212d2278/numpy-2.2.5-cp313-cp313-musllinux_1_2_aarch64.whl", hash = "sha256:a4cbdef3ddf777423060c6f81b5694bad2dc9675f110c4b2a60dc0181543fac7", size = 15575611 },
    { url = "https://files.pythonhosted.org/packages/a3/45/40f4135341850df48f8edcf949cf47b523c404b712774f8855a64c96ef29/numpy-2.2.5-cp313-cp313-musllinux_1_2_x86_64.whl", hash = "sha256:54088a5a147ab71a8e7fdfd8c3601972751ded0739c6b696ad9cb0343e21ab73", size = 17895747 },
    { url = "https://files.pythonhosted.org/packages/f8/4c/b32a17a46f0ffbde8cc82df6d3daeaf4f552e346df143e1b188a701a8f09/numpy-2.2.5-cp313-cp313-win32.whl", hash = "sha256:c8b82a55ef86a2d8e81b63da85e55f5537d2157165be1cb2ce7cfa57b6aef38b", size = 6309594 },
    { url = "https://files.pythonhosted.org/packages/13/ae/72e6276feb9ef06787365b05915bfdb057d01fceb4a43cb80978e518d79b/numpy-2.2.5-cp313-cp313-win_amd64.whl", hash = "sha256:d8882a829fd779f0f43998e931c466802a77ca1ee0fe25a3abe50278616b1471", size = 12638356 },
    { url = "https://files.pythonhosted.org/packages/79/56/be8b85a9f2adb688e7ded6324e20149a03541d2b3297c3ffc1a73f46dedb/numpy-2.2.5-cp313-cp313t-macosx_10_13_x86_64.whl", hash = "sha256:e8b025c351b9f0e8b5436cf28a07fa4ac0204d67b38f01433ac7f9b870fa38c6", size = 20963778 },
    { url = "https://files.pythonhosted.org/packages/ff/77/19c5e62d55bff507a18c3cdff82e94fe174957bad25860a991cac719d3ab/numpy-2.2.5-cp313-cp313t-macosx_11_0_arm64.whl", hash = "sha256:8dfa94b6a4374e7851bbb6f35e6ded2120b752b063e6acdd3157e4d2bb922eba", size = 14207279 },
    { url = "https://files.pythonhosted.org/packages/75/22/aa11f22dc11ff4ffe4e849d9b63bbe8d4ac6d5fae85ddaa67dfe43be3e76/numpy-2.2.5-cp313-cp313t-macosx_14_0_arm64.whl", hash = "sha256:97c8425d4e26437e65e1d189d22dff4a079b747ff9c2788057bfb8114ce1e133", size = 5199247 },
    { url = "https://files.pythonhosted.org/packages/4f/6c/12d5e760fc62c08eded0394f62039f5a9857f758312bf01632a81d841459/numpy-2.2.5-cp313-cp313t-macosx_14_0_x86_64.whl", hash = "sha256:352d330048c055ea6db701130abc48a21bec690a8d38f8284e00fab256dc1376", size = 6711087 },
    { url = "https://files.pythonhosted.org/packages/ef/94/ece8280cf4218b2bee5cec9567629e61e51b4be501e5c6840ceb593db945/numpy-2.2.5-cp313-cp313t-manylinux_2_17_aarch64.manylinux2014_aarch64.whl", hash = "sha256:8b4c0773b6ada798f51f0f8e30c054d32304ccc6e9c5d93d46cb26f3d385ab19", size = 14059964 },
    { url = "https://files.pythonhosted.org/packages/39/41/c5377dac0514aaeec69115830a39d905b1882819c8e65d97fc60e177e19e/numpy-2.2.5-cp313-cp313t-manylinux_2_17_x86_64.manylinux2014_x86_64.whl", hash = "sha256:55f09e00d4dccd76b179c0f18a44f041e5332fd0e022886ba1c0bbf3ea4a18d0", size = 16121214 },
    { url = "https://files.pythonhosted.org/packages/db/54/3b9f89a943257bc8e187145c6bc0eb8e3d615655f7b14e9b490b053e8149/numpy-2.2.5-cp313-cp313t-musllinux_1_2_aarch64.whl", hash = "sha256:02f226baeefa68f7d579e213d0f3493496397d8f1cff5e2b222af274c86a552a", size = 15575788 },
    { url = "https://files.pythonhosted.org/packages/b1/c4/2e407e85df35b29f79945751b8f8e671057a13a376497d7fb2151ba0d290/numpy-2.2.5-cp313-cp313t-musllinux_1_2_x86_64.whl", hash = "sha256:c26843fd58f65da9491165072da2cccc372530681de481ef670dcc8e27cfb066", size = 17893672 },
    { url = "https://files.pythonhosted.org/packages/29/7e/d0b44e129d038dba453f00d0e29ebd6eaf2f06055d72b95b9947998aca14/numpy-2.2.5-cp313-cp313t-win32.whl", hash = "sha256:1a161c2c79ab30fe4501d5a2bbfe8b162490757cf90b7f05be8b80bc02f7bb8e", size = 6377102 },
    { url = "https://files.pythonhosted.org/packages/63/be/b85e4aa4bf42c6502851b971f1c326d583fcc68227385f92089cf50a7b45/numpy-2.2.5-cp313-cp313t-win_amd64.whl", hash = "sha256:d403c84991b5ad291d3809bace5e85f4bbf44a04bdc9a88ed2bb1807b3360bb8", size = 12750096 },
]

[[package]]
name = "pillow"
version = "11.2.1"
source = { registry = "https://pypi.org/simple" }
sdist = { url = "https://files.pythonhosted.org/packages/af/cb/bb5c01fcd2a69335b86c22142b2bccfc3464087efb7fd382eee5ffc7fdf7/pillow-11.2.1.tar.gz", hash = "sha256:a64dd61998416367b7ef979b73d3a85853ba9bec4c2925f74e588879a58716b6", size = 47026707 }
wheels = [
    { url = "https://files.pythonhosted.org/packages/68/08/3fbf4b98924c73037a8e8b4c2c774784805e0fb4ebca6c5bb60795c40125/pillow-11.2.1-cp311-cp311-macosx_10_10_x86_64.whl", hash = "sha256:35ca289f712ccfc699508c4658a1d14652e8033e9b69839edf83cbdd0ba39e70", size = 3198450 },
    { url = "https://files.pythonhosted.org/packages/84/92/6505b1af3d2849d5e714fc75ba9e69b7255c05ee42383a35a4d58f576b16/pillow-11.2.1-cp311-cp311-macosx_11_0_arm64.whl", hash = "sha256:e0409af9f829f87a2dfb7e259f78f317a5351f2045158be321fd135973fff7bf", size = 3030550 },
    { url = "https://files.pythonhosted.org/packages/3c/8c/ac2f99d2a70ff966bc7eb13dacacfaab57c0549b2ffb351b6537c7840b12/pillow-11.2.1-cp311-cp311-manylinux_2_17_aarch64.manylinux2014_aarch64.whl", hash = "sha256:d4e5c5edee874dce4f653dbe59db7c73a600119fbea8d31f53423586ee2aafd7", size = 4415018 },
    { url = "https://files.pythonhosted.org/packages/1f/e3/0a58b5d838687f40891fff9cbaf8669f90c96b64dc8f91f87894413856c6/pillow-11.2.1-cp311-cp311-manylinux_2_17_x86_64.manylinux2014_x86_64.whl", hash = "sha256:b93a07e76d13bff9444f1a029e0af2964e654bfc2e2c2d46bfd080df5ad5f3d8", size = 4498006 },
    { url = "https://files.pythonhosted.org/packages/21/f5/6ba14718135f08fbfa33308efe027dd02b781d3f1d5c471444a395933aac/pillow-11.2.1-cp311-cp311-manylinux_2_28_aarch64.whl", hash = "sha256:e6def7eed9e7fa90fde255afaf08060dc4b343bbe524a8f69bdd2a2f0018f600", size = 4517773 },
    { url = "https://files.pythonhosted.org/packages/20/f2/805ad600fc59ebe4f1ba6129cd3a75fb0da126975c8579b8f57abeb61e80/pillow-11.2.1-cp311-cp311-manylinux_2_28_x86_64.whl", hash = "sha256:8f4f3724c068be008c08257207210c138d5f3731af6c155a81c2b09a9eb3a788", size = 4607069 },
    { url = "https://files.pythonhosted.org/packages/71/6b/4ef8a288b4bb2e0180cba13ca0a519fa27aa982875882392b65131401099/pillow-11.2.1-cp311-cp311-musllinux_1_2_aarch64.whl", hash = "sha256:a0a6709b47019dff32e678bc12c63008311b82b9327613f534e496dacaefb71e", size = 4583460 },
    { url = "https://files.pythonhosted.org/packages/62/ae/f29c705a09cbc9e2a456590816e5c234382ae5d32584f451c3eb41a62062/pillow-11.2.1-cp311-cp311-musllinux_1_2_x86_64.whl", hash = "sha256:f6b0c664ccb879109ee3ca702a9272d877f4fcd21e5eb63c26422fd6e415365e", size = 4661304 },
    { url = "https://files.pythonhosted.org/packages/6e/1a/c8217b6f2f73794a5e219fbad087701f412337ae6dbb956db37d69a9bc43/pillow-11.2.1-cp311-cp311-win32.whl", hash = "sha256:cc5d875d56e49f112b6def6813c4e3d3036d269c008bf8aef72cd08d20ca6df6", size = 2331809 },
    { url = "https://files.pythonhosted.org/packages/e2/72/25a8f40170dc262e86e90f37cb72cb3de5e307f75bf4b02535a61afcd519/pillow-11.2.1-cp311-cp311-win_amd64.whl", hash = "sha256:0f5c7eda47bf8e3c8a283762cab94e496ba977a420868cb819159980b6709193", size = 2676338 },
    { url = "https://files.pythonhosted.org/packages/06/9e/76825e39efee61efea258b479391ca77d64dbd9e5804e4ad0fa453b4ba55/pillow-11.2.1-cp311-cp311-win_arm64.whl", hash = "sha256:4d375eb838755f2528ac8cbc926c3e31cc49ca4ad0cf79cff48b20e30634a4a7", size = 2414918 },
    { url = "https://files.pythonhosted.org/packages/c7/40/052610b15a1b8961f52537cc8326ca6a881408bc2bdad0d852edeb6ed33b/pillow-11.2.1-cp312-cp312-macosx_10_13_x86_64.whl", hash = "sha256:78afba22027b4accef10dbd5eed84425930ba41b3ea0a86fa8d20baaf19d807f", size = 3190185 },
    { url = "https://files.pythonhosted.org/packages/e5/7e/b86dbd35a5f938632093dc40d1682874c33dcfe832558fc80ca56bfcb774/pillow-11.2.1-cp312-cp312-macosx_11_0_arm64.whl", hash = "sha256:78092232a4ab376a35d68c4e6d5e00dfd73454bd12b230420025fbe178ee3b0b", size = 3030306 },
    { url = "https://files.pythonhosted.org/packages/a4/5c/467a161f9ed53e5eab51a42923c33051bf8d1a2af4626ac04f5166e58e0c/pillow-11.2.1-cp312-cp312-manylinux_2_17_aarch64.manylinux2014_aarch64.whl", hash = "sha256:25a5f306095c6780c52e6bbb6109624b95c5b18e40aab1c3041da3e9e0cd3e2d", size = 4416121 },
    { url = "https://files.pythonhosted.org/packages/62/73/972b7742e38ae0e2ac76ab137ca6005dcf877480da0d9d61d93b613065b4/pillow-11.2.1-cp312-cp312-manylinux_2_17_x86_64.manylinux2014_x86_64.whl", hash = "sha256:0c7b29dbd4281923a2bfe562acb734cee96bbb129e96e6972d315ed9f232bef4", size = 4501707 },
    { url = "https://files.pythonhosted.org/packages/e4/3a/427e4cb0b9e177efbc1a84798ed20498c4f233abde003c06d2650a6d60cb/pillow-11.2.1-cp312-cp312-manylinux_2_28_aarch64.whl", hash = "sha256:3e645b020f3209a0181a418bffe7b4a93171eef6c4ef6cc20980b30bebf17b7d", size = 4522921 },
    { url = "https://files.pythonhosted.org/packages/fe/7c/d8b1330458e4d2f3f45d9508796d7caf0c0d3764c00c823d10f6f1a3b76d/pillow-11.2.1-cp312-cp312-manylinux_2_28_x86_64.whl", hash = "sha256:b2dbea1012ccb784a65349f57bbc93730b96e85b42e9bf7b01ef40443db720b4", size = 4612523 },
    { url = "https://files.pythonhosted.org/packages/b3/2f/65738384e0b1acf451de5a573d8153fe84103772d139e1e0bdf1596be2ea/pillow-11.2.1-cp312-cp312-musllinux_1_2_aarch64.whl", hash = "sha256:da3104c57bbd72948d75f6a9389e6727d2ab6333c3617f0a89d72d4940aa0443", size = 4587836 },
    { url = "https://files.pythonhosted.org/packages/6a/c5/e795c9f2ddf3debb2dedd0df889f2fe4b053308bb59a3cc02a0cd144d641/pillow-11.2.1-cp312-cp312-musllinux_1_2_x86_64.whl", hash = "sha256:598174aef4589af795f66f9caab87ba4ff860ce08cd5bb447c6fc553ffee603c", size = 4669390 },
    { url = "https://files.pythonhosted.org/packages/96/ae/ca0099a3995976a9fce2f423166f7bff9b12244afdc7520f6ed38911539a/pillow-11.2.1-cp312-cp312-win32.whl", hash = "sha256:1d535df14716e7f8776b9e7fee118576d65572b4aad3ed639be9e4fa88a1cad3", size = 2332309 },
    { url = "https://files.pythonhosted.org/packages/7c/18/24bff2ad716257fc03da964c5e8f05d9790a779a8895d6566e493ccf0189/pillow-11.2.1-cp312-cp312-win_amd64.whl", hash = "sha256:14e33b28bf17c7a38eede290f77db7c664e4eb01f7869e37fa98a5aa95978941", size = 2676768 },
    { url = "https://files.pythonhosted.org/packages/da/bb/e8d656c9543276517ee40184aaa39dcb41e683bca121022f9323ae11b39d/pillow-11.2.1-cp312-cp312-win_arm64.whl", hash = "sha256:21e1470ac9e5739ff880c211fc3af01e3ae505859392bf65458c224d0bf283eb", size = 2415087 },
    { url = "https://files.pythonhosted.org/packages/36/9c/447528ee3776e7ab8897fe33697a7ff3f0475bb490c5ac1456a03dc57956/pillow-11.2.1-cp313-cp313-macosx_10_13_x86_64.whl", hash = "sha256:fdec757fea0b793056419bca3e9932eb2b0ceec90ef4813ea4c1e072c389eb28", size = 3190098 },
    { url = "https://files.pythonhosted.org/packages/b5/09/29d5cd052f7566a63e5b506fac9c60526e9ecc553825551333e1e18a4858/pillow-11.2.1-cp313-cp313-macosx_11_0_arm64.whl", hash = "sha256:b0e130705d568e2f43a17bcbe74d90958e8a16263868a12c3e0d9c8162690830", size = 3030166 },
    { url = "https://files.pythonhosted.org/packages/71/5d/446ee132ad35e7600652133f9c2840b4799bbd8e4adba881284860da0a36/pillow-11.2.1-cp313-cp313-manylinux_2_17_aarch64.manylinux2014_aarch64.whl", hash = "sha256:7bdb5e09068332578214cadd9c05e3d64d99e0e87591be22a324bdbc18925be0", size = 4408674 },
    { url = "https://files.pythonhosted.org/packages/69/5f/cbe509c0ddf91cc3a03bbacf40e5c2339c4912d16458fcb797bb47bcb269/pillow-11.2.1-cp313-cp313-manylinux_2_17_x86_64.manylinux2014_x86_64.whl", hash = "sha256:d189ba1bebfbc0c0e529159631ec72bb9e9bc041f01ec6d3233d6d82eb823bc1", size = 4496005 },
    { url = "https://files.pythonhosted.org/packages/f9/b3/dd4338d8fb8a5f312021f2977fb8198a1184893f9b00b02b75d565c33b51/pillow-11.2.1-cp313-cp313-manylinux_2_28_aarch64.whl", hash = "sha256:191955c55d8a712fab8934a42bfefbf99dd0b5875078240943f913bb66d46d9f", size = 4518707 },
    { url = "https://files.pythonhosted.org/packages/13/eb/2552ecebc0b887f539111c2cd241f538b8ff5891b8903dfe672e997529be/pillow-11.2.1-cp313-cp313-manylinux_2_28_x86_64.whl", hash = "sha256:ad275964d52e2243430472fc5d2c2334b4fc3ff9c16cb0a19254e25efa03a155", size = 4610008 },
    { url = "https://files.pythonhosted.org/packages/72/d1/924ce51bea494cb6e7959522d69d7b1c7e74f6821d84c63c3dc430cbbf3b/pillow-11.2.1-cp313-cp313-musllinux_1_2_aarch64.whl", hash = "sha256:750f96efe0597382660d8b53e90dd1dd44568a8edb51cb7f9d5d918b80d4de14", size = 4585420 },
    { url = "https://files.pythonhosted.org/packages/43/ab/8f81312d255d713b99ca37479a4cb4b0f48195e530cdc1611990eb8fd04b/pillow-11.2.1-cp313-cp313-musllinux_1_2_x86_64.whl", hash = "sha256:fe15238d3798788d00716637b3d4e7bb6bde18b26e5d08335a96e88564a36b6b", size = 4667655 },
    { url = "https://files.pythonhosted.org/packages/94/86/8f2e9d2dc3d308dfd137a07fe1cc478df0a23d42a6c4093b087e738e4827/pillow-11.2.1-cp313-cp313-win32.whl", hash = "sha256:3fe735ced9a607fee4f481423a9c36701a39719252a9bb251679635f99d0f7d2", size = 2332329 },
    { url = "https://files.pythonhosted.org/packages/6d/ec/1179083b8d6067a613e4d595359b5fdea65d0a3b7ad623fee906e1b3c4d2/pillow-11.2.1-cp313-cp313-win_amd64.whl", hash = "sha256:74ee3d7ecb3f3c05459ba95eed5efa28d6092d751ce9bf20e3e253a4e497e691", size = 2676388 },
    { url = "https://files.pythonhosted.org/packages/23/f1/2fc1e1e294de897df39fa8622d829b8828ddad938b0eaea256d65b84dd72/pillow-11.2.1-cp313-cp313-win_arm64.whl", hash = "sha256:5119225c622403afb4b44bad4c1ca6c1f98eed79db8d3bc6e4e160fc6339d66c", size = 2414950 },
    { url = "https://files.pythonhosted.org/packages/c4/3e/c328c48b3f0ead7bab765a84b4977acb29f101d10e4ef57a5e3400447c03/pillow-11.2.1-cp313-cp313t-macosx_10_13_x86_64.whl", hash = "sha256:8ce2e8411c7aaef53e6bb29fe98f28cd4fbd9a1d9be2eeea434331aac0536b22", size = 3192759 },
    { url = "https://files.pythonhosted.org/packages/18/0e/1c68532d833fc8b9f404d3a642991441d9058eccd5606eab31617f29b6d4/pillow-11.2.1-cp313-cp313t-macosx_11_0_arm64.whl", hash = "sha256:9ee66787e095127116d91dea2143db65c7bb1e232f617aa5957c0d9d2a3f23a7", size = 3033284 },
    { url = "https://files.pythonhosted.org/packages/b7/cb/6faf3fb1e7705fd2db74e070f3bf6f88693601b0ed8e81049a8266de4754/pillow-11.2.1-cp313-cp313t-manylinux_2_17_aarch64.manylinux2014_aarch64.whl", hash = "sha256:9622e3b6c1d8b551b6e6f21873bdcc55762b4b2126633014cea1803368a9aa16", size = 4445826 },
    { url = "https://files.pythonhosted.org/packages/07/94/8be03d50b70ca47fb434a358919d6a8d6580f282bbb7af7e4aa40103461d/pillow-11.2.1-cp313-cp313t-manylinux_2_17_x86_64.manylinux2014_x86_64.whl", hash = "sha256:63b5dff3a68f371ea06025a1a6966c9a1e1ee452fc8020c2cd0ea41b83e9037b", size = 4527329 },
    { url = "https://files.pythonhosted.org/packages/fd/a4/bfe78777076dc405e3bd2080bc32da5ab3945b5a25dc5d8acaa9de64a162/pillow-11.2.1-cp313-cp313t-manylinux_2_28_aarch64.whl", hash = "sha256:31df6e2d3d8fc99f993fd253e97fae451a8db2e7207acf97859732273e108406", size = 4549049 },
    { url = "https://files.pythonhosted.org/packages/65/4d/eaf9068dc687c24979e977ce5677e253624bd8b616b286f543f0c1b91662/pillow-11.2.1-cp313-cp313t-manylinux_2_28_x86_64.whl", hash = "sha256:062b7a42d672c45a70fa1f8b43d1d38ff76b63421cbbe7f88146b39e8a558d91", size = 4635408 },
    { url = "https://files.pythonhosted.org/packages/1d/26/0fd443365d9c63bc79feb219f97d935cd4b93af28353cba78d8e77b61719/pillow-11.2.1-cp313-cp313t-musllinux_1_2_aarch64.whl", hash = "sha256:4eb92eca2711ef8be42fd3f67533765d9fd043b8c80db204f16c8ea62ee1a751", size = 4614863 },
    { url = "https://files.pythonhosted.org/packages/49/65/dca4d2506be482c2c6641cacdba5c602bc76d8ceb618fd37de855653a419/pillow-11.2.1-cp313-cp313t-musllinux_1_2_x86_64.whl", hash = "sha256:f91ebf30830a48c825590aede79376cb40f110b387c17ee9bd59932c961044f9", size = 4692938 },
    { url = "https://files.pythonhosted.org/packages/b3/92/1ca0c3f09233bd7decf8f7105a1c4e3162fb9142128c74adad0fb361b7eb/pillow-11.2.1-cp313-cp313t-win32.whl", hash = "sha256:e0b55f27f584ed623221cfe995c912c61606be8513bfa0e07d2c674b4516d9dd", size = 2335774 },
    { url = "https://files.pythonhosted.org/packages/a5/ac/77525347cb43b83ae905ffe257bbe2cc6fd23acb9796639a1f56aa59d191/pillow-11.2.1-cp313-cp313t-win_amd64.whl", hash = "sha256:36d6b82164c39ce5482f649b437382c0fb2395eabc1e2b1702a6deb8ad647d6e", size = 2681895 },
    { url = "https://files.pythonhosted.org/packages/67/32/32dc030cfa91ca0fc52baebbba2e009bb001122a1daa8b6a79ad830b38d3/pillow-11.2.1-cp313-cp313t-win_arm64.whl", hash = "sha256:225c832a13326e34f212d2072982bb1adb210e0cc0b153e688743018c94a2681", size = 2417234 },
    { url = "https://files.pythonhosted.org/packages/a4/ad/2613c04633c7257d9481ab21d6b5364b59fc5d75faafd7cb8693523945a3/pillow-11.2.1-pp311-pypy311_pp73-macosx_10_15_x86_64.whl", hash = "sha256:80f1df8dbe9572b4b7abdfa17eb5d78dd620b1d55d9e25f834efdbee872d3aed", size = 3181734 },
    { url = "https://files.pythonhosted.org/packages/a4/fd/dcdda4471ed667de57bb5405bb42d751e6cfdd4011a12c248b455c778e03/pillow-11.2.1-pp311-pypy311_pp73-macosx_11_0_arm64.whl", hash = "sha256:ea926cfbc3957090becbcbbb65ad177161a2ff2ad578b5a6ec9bb1e1cd78753c", size = 2999841 },
    { url = "https://files.pythonhosted.org/packages/ac/89/8a2536e95e77432833f0db6fd72a8d310c8e4272a04461fb833eb021bf94/pillow-11.2.1-pp311-pypy311_pp73-manylinux_2_17_aarch64.manylinux2014_aarch64.whl", hash = "sha256:738db0e0941ca0376804d4de6a782c005245264edaa253ffce24e5a15cbdc7bd", size = 3437470 },
    { url = "https://files.pythonhosted.org/packages/9d/8f/abd47b73c60712f88e9eda32baced7bfc3e9bd6a7619bb64b93acff28c3e/pillow-11.2.1-pp311-pypy311_pp73-manylinux_2_17_x86_64.manylinux2014_x86_64.whl", hash = "sha256:9db98ab6565c69082ec9b0d4e40dd9f6181dab0dd236d26f7a50b8b9bfbd5076", size = 3460013 },
    { url = "https://files.pythonhosted.org/packages/f6/20/5c0a0aa83b213b7a07ec01e71a3d6ea2cf4ad1d2c686cc0168173b6089e7/pillow-11.2.1-pp311-pypy311_pp73-manylinux_2_28_aarch64.whl", hash = "sha256:036e53f4170e270ddb8797d4c590e6dd14d28e15c7da375c18978045f7e6c37b", size = 3527165 },
    { url = "https://files.pythonhosted.org/packages/58/0e/2abab98a72202d91146abc839e10c14f7cf36166f12838ea0c4db3ca6ecb/pillow-11.2.1-pp311-pypy311_pp73-manylinux_2_28_x86_64.whl", hash = "sha256:14f73f7c291279bd65fda51ee87affd7c1e097709f7fdd0188957a16c264601f", size = 3571586 },
    { url = "https://files.pythonhosted.org/packages/21/2c/5e05f58658cf49b6667762cca03d6e7d85cededde2caf2ab37b81f80e574/pillow-11.2.1-pp311-pypy311_pp73-win_amd64.whl", hash = "sha256:208653868d5c9ecc2b327f9b9ef34e0e42a4cdd172c2988fd81d62d2bc9bc044", size = 2674751 },
]

[[package]]
name = "preprocess"
version = "0.1.0"
source = { editable = "." }
dependencies = [
    { name = "numpy" },
    { name = "pillow" },
    { name = "pydantic" },
    { name = "rectpack" },
    { name = "rich" },
    { name = "tqdm" },
]

[package.metadata]
requires-dist = [
    { name = "numpy", specifier = ">=2.2.4,<3.0.0" },
    { name = "pillow", specifier = ">=11.2.1,<12.0.0" },
    { name = "pydantic", specifier = ">=2.11.1,<3.0.0" },
    { name = "rectpack", specifier = ">=0.2.2,<0.3.0" },
    { name = "rich", specifier = ">=14.0.0,<15.0.0" },
    { name = "tqdm", specifier = ">=4.67.1,<5.0.0" },
]

[[package]]
name = "pydantic"
version = "2.11.4"
source = { registry = "https://pypi.org/simple" }
dependencies = [
    { name = "annotated-types" },
    { name = "pydantic-core" },
    { name = "typing-extensions" },
    { name = "typing-inspection" },
]
sdist = { url = "https://files.pythonhosted.org/packages/77/ab/5250d56ad03884ab5efd07f734203943c8a8ab40d551e208af81d0257bf2/pydantic-2.11.4.tar.gz", hash = "sha256:32738d19d63a226a52eed76645a98ee07c1f410ee41d93b4afbfa85ed8111c2d", size = 786540 }
wheels = [
    { url = "https://files.pythonhosted.org/packages/e7/12/46b65f3534d099349e38ef6ec98b1a5a81f42536d17e0ba382c28c67ba67/pydantic-2.11.4-py3-none-any.whl", hash = "sha256:d9615eaa9ac5a063471da949c8fc16376a84afb5024688b3ff885693506764eb", size = 443900 },
]

[[package]]
name = "pydantic-core"
version = "2.33.2"
source = { registry = "https://pypi.org/simple" }
dependencies = [
    { name = "typing-extensions" },
]
sdist = { url = "https://files.pythonhosted.org/packages/ad/88/5f2260bdfae97aabf98f1778d43f69574390ad787afb646292a638c923d4/pydantic_core-2.33.2.tar.gz", hash = "sha256:7cb8bc3605c29176e1b105350d2e6474142d7c1bd1d9327c4a9bdb46bf827acc", size = 435195 }
wheels = [
    { url = "https://files.pythonhosted.org/packages/3f/8d/71db63483d518cbbf290261a1fc2839d17ff89fce7089e08cad07ccfce67/pydantic_core-2.33.2-cp311-cp311-macosx_10_12_x86_64.whl", hash = "sha256:4c5b0a576fb381edd6d27f0a85915c6daf2f8138dc5c267a57c08a62900758c7", size = 2028584 },
    { url = "https://files.pythonhosted.org/packages/24/2f/3cfa7244ae292dd850989f328722d2aef313f74ffc471184dc509e1e4e5a/pydantic_core-2.33.2-cp311-cp311-macosx_11_0_arm64.whl", hash = "sha256:e799c050df38a639db758c617ec771fd8fb7a5f8eaaa4b27b101f266b216a246", size = 1855071 },
    { url = "https://files.pythonhosted.org/packages/b3/d3/4ae42d33f5e3f50dd467761304be2fa0a9417fbf09735bc2cce003480f2a/pydantic_core-2.33.2-cp311-cp311-manylinux_2_17_aarch64.manylinux2014_aarch64.whl", hash = "sha256:dc46a01bf8d62f227d5ecee74178ffc448ff4e5197c756331f71efcc66dc980f", size = 1897823 },
    { url = "https://files.pythonhosted.org/packages/f4/f3/aa5976e8352b7695ff808599794b1fba2a9ae2ee954a3426855935799488/pydantic_core-2.33.2-cp311-cp311-manylinux_2_17_armv7l.manylinux2014_armv7l.whl", hash = "sha256:a144d4f717285c6d9234a66778059f33a89096dfb9b39117663fd8413d582dcc", size = 1983792 },
    { url = "https://files.pythonhosted.org/packages/d5/7a/cda9b5a23c552037717f2b2a5257e9b2bfe45e687386df9591eff7b46d28/pydantic_core-2.33.2-cp311-cp311-manylinux_2_17_ppc64le.manylinux2014_ppc64le.whl", hash = "sha256:73cf6373c21bc80b2e0dc88444f41ae60b2f070ed02095754eb5a01df12256de", size = 2136338 },
    { url = "https://files.pythonhosted.org/packages/2b/9f/b8f9ec8dd1417eb9da784e91e1667d58a2a4a7b7b34cf4af765ef663a7e5/pydantic_core-2.33.2-cp311-cp311-manylinux_2_17_s390x.manylinux2014_s390x.whl", hash = "sha256:3dc625f4aa79713512d1976fe9f0bc99f706a9dee21dfd1810b4bbbf228d0e8a", size = 2730998 },
    { url = "https://files.pythonhosted.org/packages/47/bc/cd720e078576bdb8255d5032c5d63ee5c0bf4b7173dd955185a1d658c456/pydantic_core-2.33.2-cp311-cp311-manylinux_2_17_x86_64.manylinux2014_x86_64.whl", hash = "sha256:881b21b5549499972441da4758d662aeea93f1923f953e9cbaff14b8b9565aef", size = 2003200 },
    { url = "https://files.pythonhosted.org/packages/ca/22/3602b895ee2cd29d11a2b349372446ae9727c32e78a94b3d588a40fdf187/pydantic_core-2.33.2-cp311-cp311-manylinux_2_5_i686.manylinux1_i686.whl", hash = "sha256:bdc25f3681f7b78572699569514036afe3c243bc3059d3942624e936ec93450e", size = 2113890 },
    { url = "https://files.pythonhosted.org/packages/ff/e6/e3c5908c03cf00d629eb38393a98fccc38ee0ce8ecce32f69fc7d7b558a7/pydantic_core-2.33.2-cp311-cp311-musllinux_1_1_aarch64.whl", hash = "sha256:fe5b32187cbc0c862ee201ad66c30cf218e5ed468ec8dc1cf49dec66e160cc4d", size = 2073359 },
    { url = "https://files.pythonhosted.org/packages/12/e7/6a36a07c59ebefc8777d1ffdaf5ae71b06b21952582e4b07eba88a421c79/pydantic_core-2.33.2-cp311-cp311-musllinux_1_1_armv7l.whl", hash = "sha256:bc7aee6f634a6f4a95676fcb5d6559a2c2a390330098dba5e5a5f28a2e4ada30", size = 2245883 },
    { url = "https://files.pythonhosted.org/packages/16/3f/59b3187aaa6cc0c1e6616e8045b284de2b6a87b027cce2ffcea073adf1d2/pydantic_core-2.33.2-cp311-cp311-musllinux_1_1_x86_64.whl", hash = "sha256:235f45e5dbcccf6bd99f9f472858849f73d11120d76ea8707115415f8e5ebebf", size = 2241074 },
    { url = "https://files.pythonhosted.org/packages/e0/ed/55532bb88f674d5d8f67ab121a2a13c385df382de2a1677f30ad385f7438/pydantic_core-2.33.2-cp311-cp311-win32.whl", hash = "sha256:6368900c2d3ef09b69cb0b913f9f8263b03786e5b2a387706c5afb66800efd51", size = 1910538 },
    { url = "https://files.pythonhosted.org/packages/fe/1b/25b7cccd4519c0b23c2dd636ad39d381abf113085ce4f7bec2b0dc755eb1/pydantic_core-2.33.2-cp311-cp311-win_amd64.whl", hash = "sha256:1e063337ef9e9820c77acc768546325ebe04ee38b08703244c1309cccc4f1bab", size = 1952909 },
    { url = "https://files.pythonhosted.org/packages/49/a9/d809358e49126438055884c4366a1f6227f0f84f635a9014e2deb9b9de54/pydantic_core-2.33.2-cp311-cp311-win_arm64.whl", hash = "sha256:6b99022f1d19bc32a4c2a0d544fc9a76e3be90f0b3f4af413f87d38749300e65", size = 1897786 },
    { url = "https://files.pythonhosted.org/packages/18/8a/2b41c97f554ec8c71f2a8a5f85cb56a8b0956addfe8b0efb5b3d77e8bdc3/pydantic_core-2.33.2-cp312-cp312-macosx_10_12_x86_64.whl", hash = "sha256:a7ec89dc587667f22b6a0b6579c249fca9026ce7c333fc142ba42411fa243cdc", size = 2009000 },
    { url = "https://files.pythonhosted.org/packages/a1/02/6224312aacb3c8ecbaa959897af57181fb6cf3a3d7917fd44d0f2917e6f2/pydantic_core-2.33.2-cp312-cp312-macosx_11_0_arm64.whl", hash = "sha256:3c6db6e52c6d70aa0d00d45cdb9b40f0433b96380071ea80b09277dba021ddf7", size = 1847996 },
    { url = "https://files.pythonhosted.org/packages/d6/46/6dcdf084a523dbe0a0be59d054734b86a981726f221f4562aed313dbcb49/pydantic_core-2.33.2-cp312-cp312-manylinux_2_17_aarch64.manylinux2014_aarch64.whl", hash = "sha256:4e61206137cbc65e6d5256e1166f88331d3b6238e082d9f74613b9b765fb9025", size = 1880957 },
    { url = "https://files.pythonhosted.org/packages/ec/6b/1ec2c03837ac00886ba8160ce041ce4e325b41d06a034adbef11339ae422/pydantic_core-2.33.2-cp312-cp312-manylinux_2_17_armv7l.manylinux2014_armv7l.whl", hash = "sha256:eb8c529b2819c37140eb51b914153063d27ed88e3bdc31b71198a198e921e011", size = 1964199 },
    { url = "https://files.pythonhosted.org/packages/2d/1d/6bf34d6adb9debd9136bd197ca72642203ce9aaaa85cfcbfcf20f9696e83/pydantic_core-2.33.2-cp312-cp312-manylinux_2_17_ppc64le.manylinux2014_ppc64le.whl", hash = "sha256:c52b02ad8b4e2cf14ca7b3d918f3eb0ee91e63b3167c32591e57c4317e134f8f", size = 2120296 },
    { url = "https://files.pythonhosted.org/packages/e0/94/2bd0aaf5a591e974b32a9f7123f16637776c304471a0ab33cf263cf5591a/pydantic_core-2.33.2-cp312-cp312-manylinux_2_17_s390x.manylinux2014_s390x.whl", hash = "sha256:96081f1605125ba0855dfda83f6f3df5ec90c61195421ba72223de35ccfb2f88", size = 2676109 },
    { url = "https://files.pythonhosted.org/packages/f9/41/4b043778cf9c4285d59742281a769eac371b9e47e35f98ad321349cc5d61/pydantic_core-2.33.2-cp312-cp312-manylinux_2_17_x86_64.manylinux2014_x86_64.whl", hash = "sha256:8f57a69461af2a5fa6e6bbd7a5f60d3b7e6cebb687f55106933188e79ad155c1", size = 2002028 },
    { url = "https://files.pythonhosted.org/packages/cb/d5/7bb781bf2748ce3d03af04d5c969fa1308880e1dca35a9bd94e1a96a922e/pydantic_core-2.33.2-cp312-cp312-manylinux_2_5_i686.manylinux1_i686.whl", hash = "sha256:572c7e6c8bb4774d2ac88929e3d1f12bc45714ae5ee6d9a788a9fb35e60bb04b", size = 2100044 },
    { url = "https://files.pythonhosted.org/packages/fe/36/def5e53e1eb0ad896785702a5bbfd25eed546cdcf4087ad285021a90ed53/pydantic_core-2.33.2-cp312-cp312-musllinux_1_1_aarch64.whl", hash = "sha256:db4b41f9bd95fbe5acd76d89920336ba96f03e149097365afe1cb092fceb89a1", size = 2058881 },
    { url = "https://files.pythonhosted.org/packages/01/6c/57f8d70b2ee57fc3dc8b9610315949837fa8c11d86927b9bb044f8705419/pydantic_core-2.33.2-cp312-cp312-musllinux_1_1_armv7l.whl", hash = "sha256:fa854f5cf7e33842a892e5c73f45327760bc7bc516339fda888c75ae60edaeb6", size = 2227034 },
    { url = "https://files.pythonhosted.org/packages/27/b9/9c17f0396a82b3d5cbea4c24d742083422639e7bb1d5bf600e12cb176a13/pydantic_core-2.33.2-cp312-cp312-musllinux_1_1_x86_64.whl", hash = "sha256:5f483cfb75ff703095c59e365360cb73e00185e01aaea067cd19acffd2ab20ea", size = 2234187 },
    { url = "https://files.pythonhosted.org/packages/b0/6a/adf5734ffd52bf86d865093ad70b2ce543415e0e356f6cacabbc0d9ad910/pydantic_core-2.33.2-cp312-cp312-win32.whl", hash = "sha256:9cb1da0f5a471435a7bc7e439b8a728e8b61e59784b2af70d7c169f8dd8ae290", size = 1892628 },
    { url = "https://files.pythonhosted.org/packages/43/e4/5479fecb3606c1368d496a825d8411e126133c41224c1e7238be58b87d7e/pydantic_core-2.33.2-cp312-cp312-win_amd64.whl", hash = "sha256:f941635f2a3d96b2973e867144fde513665c87f13fe0e193c158ac51bfaaa7b2", size = 1955866 },
    { url = "https://files.pythonhosted.org/packages/0d/24/8b11e8b3e2be9dd82df4b11408a67c61bb4dc4f8e11b5b0fc888b38118b5/pydantic_core-2.33.2-cp312-cp312-win_arm64.whl", hash = "sha256:cca3868ddfaccfbc4bfb1d608e2ccaaebe0ae628e1416aeb9c4d88c001bb45ab", size = 1888894 },
    { url = "https://files.pythonhosted.org/packages/46/8c/99040727b41f56616573a28771b1bfa08a3d3fe74d3d513f01251f79f172/pydantic_core-2.33.2-cp313-cp313-macosx_10_12_x86_64.whl", hash = "sha256:1082dd3e2d7109ad8b7da48e1d4710c8d06c253cbc4a27c1cff4fbcaa97a9e3f", size = 2015688 },
    { url = "https://files.pythonhosted.org/packages/3a/cc/5999d1eb705a6cefc31f0b4a90e9f7fc400539b1a1030529700cc1b51838/pydantic_core-2.33.2-cp313-cp313-macosx_11_0_arm64.whl", hash = "sha256:f517ca031dfc037a9c07e748cefd8d96235088b83b4f4ba8939105d20fa1dcd6", size = 1844808 },
    { url = "https://files.pythonhosted.org/packages/6f/5e/a0a7b8885c98889a18b6e376f344da1ef323d270b44edf8174d6bce4d622/pydantic_core-2.33.2-cp313-cp313-manylinux_2_17_aarch64.manylinux2014_aarch64.whl", hash = "sha256:0a9f2c9dd19656823cb8250b0724ee9c60a82f3cdf68a080979d13092a3b0fef", size = 1885580 },
    { url = "https://files.pythonhosted.org/packages/3b/2a/953581f343c7d11a304581156618c3f592435523dd9d79865903272c256a/pydantic_core-2.33.2-cp313-cp313-manylinux_2_17_armv7l.manylinux2014_armv7l.whl", hash = "sha256:2b0a451c263b01acebe51895bfb0e1cc842a5c666efe06cdf13846c7418caa9a", size = 1973859 },
    { url = "https://files.pythonhosted.org/packages/e6/55/f1a813904771c03a3f97f676c62cca0c0a4138654107c1b61f19c644868b/pydantic_core-2.33.2-cp313-cp313-manylinux_2_17_ppc64le.manylinux2014_ppc64le.whl", hash = "sha256:1ea40a64d23faa25e62a70ad163571c0b342b8bf66d5fa612ac0dec4f069d916", size = 2120810 },
    { url = "https://files.pythonhosted.org/packages/aa/c3/053389835a996e18853ba107a63caae0b9deb4a276c6b472931ea9ae6e48/pydantic_core-2.33.2-cp313-cp313-manylinux_2_17_s390x.manylinux2014_s390x.whl", hash = "sha256:0fb2d542b4d66f9470e8065c5469ec676978d625a8b7a363f07d9a501a9cb36a", size = 2676498 },
    { url = "https://files.pythonhosted.org/packages/eb/3c/f4abd740877a35abade05e437245b192f9d0ffb48bbbbd708df33d3cda37/pydantic_core-2.33.2-cp313-cp313-manylinux_2_17_x86_64.manylinux2014_x86_64.whl", hash = "sha256:9fdac5d6ffa1b5a83bca06ffe7583f5576555e6c8b3a91fbd25ea7780f825f7d", size = 2000611 },
    { url = "https://files.pythonhosted.org/packages/59/a7/63ef2fed1837d1121a894d0ce88439fe3e3b3e48c7543b2a4479eb99c2bd/pydantic_core-2.33.2-cp313-cp313-manylinux_2_5_i686.manylinux1_i686.whl", hash = "sha256:04a1a413977ab517154eebb2d326da71638271477d6ad87a769102f7c2488c56", size = 2107924 },
    { url = "https://files.pythonhosted.org/packages/04/8f/2551964ef045669801675f1cfc3b0d74147f4901c3ffa42be2ddb1f0efc4/pydantic_core-2.33.2-cp313-cp313-musllinux_1_1_aarch64.whl", hash = "sha256:c8e7af2f4e0194c22b5b37205bfb293d166a7344a5b0d0eaccebc376546d77d5", size = 2063196 },
    { url = "https://files.pythonhosted.org/packages/26/bd/d9602777e77fc6dbb0c7db9ad356e9a985825547dce5ad1d30ee04903918/pydantic_core-2.33.2-cp313-cp313-musllinux_1_1_armv7l.whl", hash = "sha256:5c92edd15cd58b3c2d34873597a1e20f13094f59cf88068adb18947df5455b4e", size = 2236389 },
    { url = "https://files.pythonhosted.org/packages/42/db/0e950daa7e2230423ab342ae918a794964b053bec24ba8af013fc7c94846/pydantic_core-2.33.2-cp313-cp313-musllinux_1_1_x86_64.whl", hash = "sha256:65132b7b4a1c0beded5e057324b7e16e10910c106d43675d9bd87d4f38dde162", size = 2239223 },
    { url = "https://files.pythonhosted.org/packages/58/4d/4f937099c545a8a17eb52cb67fe0447fd9a373b348ccfa9a87f141eeb00f/pydantic_core-2.33.2-cp313-cp313-win32.whl", hash = "sha256:52fb90784e0a242bb96ec53f42196a17278855b0f31ac7c3cc6f5c1ec4811849", size = 1900473 },
    { url = "https://files.pythonhosted.org/packages/a0/75/4a0a9bac998d78d889def5e4ef2b065acba8cae8c93696906c3a91f310ca/pydantic_core-2.33.2-cp313-cp313-win_amd64.whl", hash = "sha256:c083a3bdd5a93dfe480f1125926afcdbf2917ae714bdb80b36d34318b2bec5d9", size = 1955269 },
    { url = "https://files.pythonhosted.org/packages/f9/86/1beda0576969592f1497b4ce8e7bc8cbdf614c352426271b1b10d5f0aa64/pydantic_core-2.33.2-cp313-cp313-win_arm64.whl", hash = "sha256:e80b087132752f6b3d714f041ccf74403799d3b23a72722ea2e6ba2e892555b9", size = 1893921 },
    { url = "https://files.pythonhosted.org/packages/a4/7d/e09391c2eebeab681df2b74bfe6c43422fffede8dc74187b2b0bf6fd7571/pydantic_core-2.33.2-cp313-cp313t-macosx_11_0_arm64.whl", hash = "sha256:61c18fba8e5e9db3ab908620af374db0ac1baa69f0f32df4f61ae23f15e586ac", size = 1806162 },
    { url = "https://files.pythonhosted.org/packages/f1/3d/847b6b1fed9f8ed3bb95a9ad04fbd0b212e832d4f0f50ff4d9ee5a9f15cf/pydantic_core-2.33.2-cp313-cp313t-manylinux_2_17_x86_64.manylinux2014_x86_64.whl", hash = "sha256:95237e53bb015f67b63c91af7518a62a8660376a6a0db19b89acc77a4d6199f5", size = 1981560 },
    { url = "https://files.pythonhosted.org/packages/6f/9a/e73262f6c6656262b5fdd723ad90f518f579b7bc8622e43a942eec53c938/pydantic_core-2.33.2-cp313-cp313t-win_amd64.whl", hash = "sha256:c2fc0a768ef76c15ab9238afa6da7f69895bb5d1ee83aeea2e3509af4472d0b9", size = 1935777 },
    { url = "https://files.pythonhosted.org/packages/7b/27/d4ae6487d73948d6f20dddcd94be4ea43e74349b56eba82e9bdee2d7494c/pydantic_core-2.33.2-pp311-pypy311_pp73-macosx_10_12_x86_64.whl", hash = "sha256:dd14041875d09cc0f9308e37a6f8b65f5585cf2598a53aa0123df8b129d481f8", size = 2025200 },
    { url = "https://files.pythonhosted.org/packages/f1/b8/b3cb95375f05d33801024079b9392a5ab45267a63400bf1866e7ce0f0de4/pydantic_core-2.33.2-pp311-pypy311_pp73-macosx_11_0_arm64.whl", hash = "sha256:d87c561733f66531dced0da6e864f44ebf89a8fba55f31407b00c2f7f9449593", size = 1859123 },
    { url = "https://files.pythonhosted.org/packages/05/bc/0d0b5adeda59a261cd30a1235a445bf55c7e46ae44aea28f7bd6ed46e091/pydantic_core-2.33.2-pp311-pypy311_pp73-manylinux_2_17_aarch64.manylinux2014_aarch64.whl", hash = "sha256:2f82865531efd18d6e07a04a17331af02cb7a651583c418df8266f17a63c6612", size = 1892852 },
    { url = "https://files.pythonhosted.org/packages/3e/11/d37bdebbda2e449cb3f519f6ce950927b56d62f0b84fd9cb9e372a26a3d5/pydantic_core-2.33.2-pp311-pypy311_pp73-manylinux_2_17_x86_64.manylinux2014_x86_64.whl", hash = "sha256:2bfb5112df54209d820d7bf9317c7a6c9025ea52e49f46b6a2060104bba37de7", size = 2067484 },
    { url = "https://files.pythonhosted.org/packages/8c/55/1f95f0a05ce72ecb02a8a8a1c3be0579bbc29b1d5ab68f1378b7bebc5057/pydantic_core-2.33.2-pp311-pypy311_pp73-manylinux_2_5_i686.manylinux1_i686.whl", hash = "sha256:64632ff9d614e5eecfb495796ad51b0ed98c453e447a76bcbeeb69615079fc7e", size = 2108896 },
    { url = "https://files.pythonhosted.org/packages/53/89/2b2de6c81fa131f423246a9109d7b2a375e83968ad0800d6e57d0574629b/pydantic_core-2.33.2-pp311-pypy311_pp73-musllinux_1_1_aarch64.whl", hash = "sha256:f889f7a40498cc077332c7ab6b4608d296d852182211787d4f3ee377aaae66e8", size = 2069475 },
    { url = "https://files.pythonhosted.org/packages/b8/e9/1f7efbe20d0b2b10f6718944b5d8ece9152390904f29a78e68d4e7961159/pydantic_core-2.33.2-pp311-pypy311_pp73-musllinux_1_1_armv7l.whl", hash = "sha256:de4b83bb311557e439b9e186f733f6c645b9417c84e2eb8203f3f820a4b988bf", size = 2239013 },
    { url = "https://files.pythonhosted.org/packages/3c/b2/5309c905a93811524a49b4e031e9851a6b00ff0fb668794472ea7746b448/pydantic_core-2.33.2-pp311-pypy311_pp73-musllinux_1_1_x86_64.whl", hash = "sha256:82f68293f055f51b51ea42fafc74b6aad03e70e191799430b90c13d643059ebb", size = 2238715 },
    { url = "https://files.pythonhosted.org/packages/32/56/8a7ca5d2cd2cda1d245d34b1c9a942920a718082ae8e54e5f3e5a58b7add/pydantic_core-2.33.2-pp311-pypy311_pp73-win_amd64.whl", hash = "sha256:329467cecfb529c925cf2bbd4d60d2c509bc2fb52a20c1045bf09bb70971a9c1", size = 2066757 },
]

[[package]]
name = "pygments"
version = "2.19.1"
source = { registry = "https://pypi.org/simple" }
sdist = { url = "https://files.pythonhosted.org/packages/7c/2d/c3338d48ea6cc0feb8446d8e6937e1408088a72a39937982cc6111d17f84/pygments-2.19.1.tar.gz", hash = "sha256:61c16d2a8576dc0649d9f39e089b5f02bcd27fba10d8fb4dcc28173f7a45151f", size = 4968581 }
wheels = [
    { url = "https://files.pythonhosted.org/packages/8a/0b/9fcc47d19c48b59121088dd6da2488a49d5f72dacf8262e2790a1d2c7d15/pygments-2.19.1-py3-none-any.whl", hash = "sha256:9ea1544ad55cecf4b8242fab6dd35a93bbce657034b0611ee383099054ab6d8c", size = 1225293 },
]

[[package]]
name = "rectpack"
version = "0.2.2"
source = { registry = "https://pypi.org/simple" }
sdist = { url = "https://files.pythonhosted.org/packages/d6/72/b965bbfcfe5bcd486bbfc10a73345d51551971457ac2b84f786bfc6d86db/rectpack-0.2.2.tar.gz", hash = "sha256:15e383505fdfbaeb55ec640a5825d9ca2ce89019a6cdd552d6e57ec36c68ba2a", size = 17888 }

[[package]]
name = "rich"
version = "14.0.0"
source = { registry = "https://pypi.org/simple" }
dependencies = [
    { name = "markdown-it-py" },
    { name = "pygments" },
]
sdist = { url = "https://files.pythonhosted.org/packages/a1/53/830aa4c3066a8ab0ae9a9955976fb770fe9c6102117c8ec4ab3ea62d89e8/rich-14.0.0.tar.gz", hash = "sha256:82f1bc23a6a21ebca4ae0c45af9bdbc492ed20231dcb63f297d6d1021a9d5725", size = 224078 }
wheels = [
    { url = "https://files.pythonhosted.org/packages/0d/9b/63f4c7ebc259242c89b3acafdb37b41d1185c07ff0011164674e9076b491/rich-14.0.0-py3-none-any.whl", hash = "sha256:1c9491e1951aac09caffd42f448ee3d04e58923ffe14993f6e83068dc395d7e0", size = 243229 },
]

[[package]]
name = "tqdm"
version = "4.67.1"
source = { registry = "https://pypi.org/simple" }
dependencies = [
    { name = "colorama", marker = "platform_system == 'Windows'" },
]
sdist = { url = "https://files.pythonhosted.org/packages/a8/4b/29b4ef32e036bb34e4ab51796dd745cdba7ed47ad142a9f4a1eb8e0c744d/tqdm-4.67.1.tar.gz", hash = "sha256:f8aef9c52c08c13a65f30ea34f4e5aac3fd1a34959879d7e59e63027286627f2", size = 169737 }
wheels = [
    { url = "https://files.pythonhosted.org/packages/d0/30/dc54f88dd4a2b5dc8a0279bdd7270e735851848b762aeb1c1184ed1f6b14/tqdm-4.67.1-py3-none-any.whl", hash = "sha256:26445eca388f82e72884e0d580d5464cd801a3ea01e63e5601bdff9ba6a48de2", size = 78540 },
]

[[package]]
name = "typing-extensions"
version = "4.13.2"
source = { registry = "https://pypi.org/simple" }
sdist = { url = "https://files.pythonhosted.org/packages/f6/37/23083fcd6e35492953e8d2aaaa68b860eb422b34627b13f2ce3eb6106061/typing_extensions-4.13.2.tar.gz", hash = "sha256:e6c81219bd689f51865d9e372991c540bda33a0379d5573cddb9a3a23f7caaef", size = 106967 }
wheels = [
    { url = "https://files.pythonhosted.org/packages/8b/54/b1ae86c0973cc6f0210b53d508ca3641fb6d0c56823f288d108bc7ab3cc8/typing_extensions-4.13.2-py3-none-any.whl", hash = "sha256:a439e7c04b49fec3e5d3e2beaa21755cadbbdc391694e28ccdd36ca4a1408f8c", size = 45806 },
]

[[package]]
name = "typing-inspection"
version = "0.4.0"
source = { registry = "https://pypi.org/simple" }
dependencies = [
    { name = "typing-extensions" },
]
sdist = { url = "https://files.pythonhosted.org/packages/82/5c/e6082df02e215b846b4b8c0b887a64d7d08ffaba30605502639d44c06b82/typing_inspection-0.4.0.tar.gz", hash = "sha256:9765c87de36671694a67904bf2c96e395be9c6439bb6c87b5142569dcdd65122", size = 76222 }
wheels = [
    { url = "https://files.pythonhosted.org/packages/31/08/aa4fdfb71f7de5176385bd9e90852eaf6b5d622735020ad600f2bab54385/typing_inspection-0.4.0-py3-none-any.whl", hash = "sha256:50e72559fcd2a6367a19f7a7e610e6afcb9fac940c650290eed893d61386832f", size = 14125 },
]
